
Microsoft Visual Studio Solution File, Format Version 12.00
# Visual Studio 15
VisualStudioVersion = 15.0.28010.2003
MinimumVisualStudioVersion = 10.0.40219.1
Project("{FAE04EC0-301F-11D3-BF4B-00C04F79EFBC}") = "KAZ_Root_Cert_Detector", "KAZ_Root_Cert_Detector\KAZ_Root_Cert_Detector.csproj", "{D46C9F85-A5E8-48F8-93F3-DB784F18587A}"
EndProject
Global
	GlobalSection(SolutionConfigurationPlatforms) = preSolution
		Debug|Any CPU = Debug|Any CPU
		Release|Any CPU = Release|Any CPU
	EndGlobalSection
	GlobalSection(ProjectConfigurationPlatforms) = postSolution
		{D46C9F85-A5E8-48F8-93F3-DB784F18587A}.Debug|Any CPU.ActiveCfg = Debug|Any CPU
		{D46C9F85-A5E8-48F8-93F3-DB784F18587A}.Debug|Any CPU.Build.0 = Debug|Any CPU
		{D46C9F85-A5E8-48F8-93F3-DB784F18587A}.Release|Any CPU.ActiveCfg = Release|Any CPU
		{D46C9F85-A5E8-48F8-93F3-DB784F18587A}.Release|Any CPU.Build.0 = Release|Any CPU
	EndGlobalSection
	GlobalSection(SolutionProperties) = preSolution
		HideSolutionNode = FALSE
	EndGlobalSection
	GlobalSection(ExtensibilityGlobals) = postSolution
		SolutionGuid = {0B1EA1C0-F6DA-4227-A9E8-E6D6486CF4F6}
	EndGlobalSection
EndGlobal
